// !$*UTF8*$!
{
	archiveVersion = 1;
	classes = {
	};
	objectVersion = 46;
	objects = {

/* Begin PBXBuildFile section */
		206A10717282B6816C1903D9 /* Pods_FlipDraft02.framework in Frameworks */ = {isa = PBXBuildFile; fileRef = 3C4A11976005197B6977A11F /* Pods_FlipDraft02.framework */; };
		921BFE261C41C04900D3B92E /* TempAnimationVC.swift in Sources */ = {isa = PBXBuildFile; fileRef = 921BFE251C41C04900D3B92E /* TempAnimationVC.swift */; };
		923943031C409A4400BACD2C /* AnimationViewController.swift in Sources */ = {isa = PBXBuildFile; fileRef = 923943021C409A4400BACD2C /* AnimationViewController.swift */; };
		923AA83C1C4091B20012AE6C /* AppDelegate.swift in Sources */ = {isa = PBXBuildFile; fileRef = 923AA83B1C4091B20012AE6C /* AppDelegate.swift */; };
		923AA8411C4091B20012AE6C /* Main.storyboard in Resources */ = {isa = PBXBuildFile; fileRef = 923AA83F1C4091B20012AE6C /* Main.storyboard */; };
		923AA8431C4091B20012AE6C /* Assets.xcassets in Resources */ = {isa = PBXBuildFile; fileRef = 923AA8421C4091B20012AE6C /* Assets.xcassets */; };
		923AA8461C4091B20012AE6C /* LaunchScreen.storyboard in Resources */ = {isa = PBXBuildFile; fileRef = 923AA8441C4091B20012AE6C /* LaunchScreen.storyboard */; };
		92C6784E1C41DCF40083F68F /* UpdateUserDataVC.swift in Sources */ = {isa = PBXBuildFile; fileRef = 92C6784D1C41DCF40083F68F /* UpdateUserDataVC.swift */; };
		92C678501C41DD040083F68F /* HomeScreenVC.swift in Sources */ = {isa = PBXBuildFile; fileRef = 92C6784F1C41DD030083F68F /* HomeScreenVC.swift */; };
		92C678521C41DD330083F68F /* SitterMatchVC.swift in Sources */ = {isa = PBXBuildFile; fileRef = 92C678511C41DD330083F68F /* SitterMatchVC.swift */; };
		92C678541C41E3670083F68F /* FlipBrowseSittersVC.swift in Sources */ = {isa = PBXBuildFile; fileRef = 92C678531C41E3670083F68F /* FlipBrowseSittersVC.swift */; };
		92C678571C41F0510083F68F /* SitterMatchModel.swift in Sources */ = {isa = PBXBuildFile; fileRef = 92C678561C41F0510083F68F /* SitterMatchModel.swift */; };
		92DBC3CE1C40E5F00004F91C /* FacebookOAuthViewController.swift in Sources */ = {isa = PBXBuildFile; fileRef = 92DBC3CD1C40E5F00004F91C /* FacebookOAuthViewController.swift */; };
/* End PBXBuildFile section */

/* Begin PBXFileReference section */
		3C4A11976005197B6977A11F /* Pods_FlipDraft02.framework */ = {isa = PBXFileReference; explicitFileType = wrapper.framework; includeInIndex = 0; path = Pods_FlipDraft02.framework; sourceTree = BUILT_PRODUCTS_DIR; };
		921BFE251C41C04900D3B92E /* TempAnimationVC.swift */ = {isa = PBXFileReference; fileEncoding = 4; lastKnownFileType = sourcecode.swift; path = TempAnimationVC.swift; sourceTree = "<group>"; };
		923942FC1C40947900BACD2C /* Bridge-Head.h */ = {isa = PBXFileReference; lastKnownFileType = sourcecode.c.h; path = "Bridge-Head.h"; sourceTree = "<group>"; };
		923943021C409A4400BACD2C /* AnimationViewController.swift */ = {isa = PBXFileReference; fileEncoding = 4; lastKnownFileType = sourcecode.swift; path = AnimationViewController.swift; sourceTree = "<group>"; };
		923AA8381C4091B20012AE6C /* FlipDraft02.app */ = {isa = PBXFileReference; explicitFileType = wrapper.application; includeInIndex = 0; path = FlipDraft02.app; sourceTree = BUILT_PRODUCTS_DIR; };
		923AA83B1C4091B20012AE6C /* AppDelegate.swift */ = {isa = PBXFileReference; lastKnownFileType = sourcecode.swift; path = AppDelegate.swift; sourceTree = "<group>"; };
		923AA8401C4091B20012AE6C /* Base */ = {isa = PBXFileReference; lastKnownFileType = file.storyboard; name = Base; path = Base.lproj/Main.storyboard; sourceTree = "<group>"; };
		923AA8421C4091B20012AE6C /* Assets.xcassets */ = {isa = PBXFileReference; lastKnownFileType = folder.assetcatalog; path = Assets.xcassets; sourceTree = "<group>"; };
		923AA8451C4091B20012AE6C /* Base */ = {isa = PBXFileReference; lastKnownFileType = file.storyboard; name = Base; path = Base.lproj/LaunchScreen.storyboard; sourceTree = "<group>"; };
		923AA8471C4091B20012AE6C /* Info.plist */ = {isa = PBXFileReference; lastKnownFileType = text.plist.xml; path = Info.plist; sourceTree = "<group>"; };
		92C6784D1C41DCF40083F68F /* UpdateUserDataVC.swift */ = {isa = PBXFileReference; fileEncoding = 4; lastKnownFileType = sourcecode.swift; path = UpdateUserDataVC.swift; sourceTree = "<group>"; };
		92C6784F1C41DD030083F68F /* HomeScreenVC.swift */ = {isa = PBXFileReference; fileEncoding = 4; lastKnownFileType = sourcecode.swift; path = HomeScreenVC.swift; sourceTree = "<group>"; };
		92C678511C41DD330083F68F /* SitterMatchVC.swift */ = {isa = PBXFileReference; fileEncoding = 4; lastKnownFileType = sourcecode.swift; path = SitterMatchVC.swift; sourceTree = "<group>"; };
		92C678531C41E3670083F68F /* FlipBrowseSittersVC.swift */ = {isa = PBXFileReference; fileEncoding = 4; lastKnownFileType = sourcecode.swift; path = FlipBrowseSittersVC.swift; sourceTree = "<group>"; };
		92C678561C41F0510083F68F /* SitterMatchModel.swift */ = {isa = PBXFileReference; fileEncoding = 4; lastKnownFileType = sourcecode.swift; path = SitterMatchModel.swift; sourceTree = "<group>"; };
		92DBC3CD1C40E5F00004F91C /* FacebookOAuthViewController.swift */ = {isa = PBXFileReference; fileEncoding = 4; lastKnownFileType = sourcecode.swift; path = FacebookOAuthViewController.swift; sourceTree = "<group>"; };
		B54BE5B76902CE967389C66E /* Pods-FlipDraft02.debug.xcconfig */ = {isa = PBXFileReference; includeInIndex = 1; lastKnownFileType = text.xcconfig; name = "Pods-FlipDraft02.debug.xcconfig"; path = "Pods/Target Support Files/Pods-FlipDraft02/Pods-FlipDraft02.debug.xcconfig"; sourceTree = "<group>"; };
		BAEDF5D3C7D47799DFDD66A1 /* Pods-FlipDraft02.release.xcconfig */ = {isa = PBXFileReference; includeInIndex = 1; lastKnownFileType = text.xcconfig; name = "Pods-FlipDraft02.release.xcconfig"; path = "Pods/Target Support Files/Pods-FlipDraft02/Pods-FlipDraft02.release.xcconfig"; sourceTree = "<group>"; };
/* End PBXFileReference section */

/* Begin PBXFrameworksBuildPhase section */
		923AA8351C4091B20012AE6C /* Frameworks */ = {
			isa = PBXFrameworksBuildPhase;
			buildActionMask = 2147483647;
			files = (
				206A10717282B6816C1903D9 /* Pods_FlipDraft02.framework in Frameworks */,
			);
			runOnlyForDeploymentPostprocessing = 0;
		};
/* End PBXFrameworksBuildPhase section */

/* Begin PBXGroup section */
		075B46B82D079ADDB6FA5416 /* Pods */ = {
			isa = PBXGroup;
			children = (
				B54BE5B76902CE967389C66E /* Pods-FlipDraft02.debug.xcconfig */,
				BAEDF5D3C7D47799DFDD66A1 /* Pods-FlipDraft02.release.xcconfig */,
			);
			name = Pods;
			sourceTree = "<group>";
		};
		669A145517FE67AACEDFB58F /* Frameworks */ = {
			isa = PBXGroup;
			children = (
				3C4A11976005197B6977A11F /* Pods_FlipDraft02.framework */,
			);
			name = Frameworks;
			sourceTree = "<group>";
		};
		921BFE241C41BFF700D3B92E /* View Controllers */ = {
			isa = PBXGroup;
			children = (
				92C678511C41DD330083F68F /* SitterMatchVC.swift */,
				923943021C409A4400BACD2C /* AnimationViewController.swift */,
				92C678551C41E3C80083F68F /* Browse-Sitters Ctlrs */,
				921BFE271C41C11500D3B92E /* Flip-Animation Ctrlrs */,
				92C6784C1C41DC710083F68F /* Main-Menu Ctrlrs */,
			);
			name = "View Controllers";
			sourceTree = "<group>";
		};
		921BFE271C41C11500D3B92E /* Flip-Animation Ctrlrs */ = {
			isa = PBXGroup;
			children = (
				921BFE251C41C04900D3B92E /* TempAnimationVC.swift */,
			);
			name = "Flip-Animation Ctrlrs";
			sourceTree = "<group>";
		};
		921BFE281C41C12700D3B92E /* Facebook Ctlrs */ = {
			isa = PBXGroup;
			children = (
				92DBC3CD1C40E5F00004F91C /* FacebookOAuthViewController.swift */,
			);
			name = "Facebook Ctlrs";
			sourceTree = "<group>";
		};
		923942FF1C4099DE00BACD2C /* Support Files */ = {
			isa = PBXGroup;
			children = (
				923AA83B1C4091B20012AE6C /* AppDelegate.swift */,
				923AA8441C4091B20012AE6C /* LaunchScreen.storyboard */,
				923AA8471C4091B20012AE6C /* Info.plist */,
				923942FC1C40947900BACD2C /* Bridge-Head.h */,
			);
			name = "Support Files";
			sourceTree = "<group>";
		};
		923AA82F1C4091B20012AE6C = {
			isa = PBXGroup;
			children = (
				923AA83A1C4091B20012AE6C /* FlipDraft02 */,
				923AA8391C4091B20012AE6C /* Products */,
				075B46B82D079ADDB6FA5416 /* Pods */,
				669A145517FE67AACEDFB58F /* Frameworks */,
			);
			sourceTree = "<group>";
		};
		923AA8391C4091B20012AE6C /* Products */ = {
			isa = PBXGroup;
			children = (
				923AA8381C4091B20012AE6C /* FlipDraft02.app */,
			);
			name = Products;
			sourceTree = "<group>";
		};
		923AA83A1C4091B20012AE6C /* FlipDraft02 */ = {
			isa = PBXGroup;
			children = (
				923AA8421C4091B20012AE6C /* Assets.xcassets */,
				923AA83F1C4091B20012AE6C /* Main.storyboard */,
				921BFE241C41BFF700D3B92E /* View Controllers */,
				923942FF1C4099DE00BACD2C /* Support Files */,
			);
			path = FlipDraft02;
			sourceTree = "<group>";
		};
		92C6784C1C41DC710083F68F /* Main-Menu Ctrlrs */ = {
			isa = PBXGroup;
			children = (
				92C6784D1C41DCF40083F68F /* UpdateUserDataVC.swift */,
				92C6784F1C41DD030083F68F /* HomeScreenVC.swift */,
				921BFE281C41C12700D3B92E /* Facebook Ctlrs */,
			);
			name = "Main-Menu Ctrlrs";
			sourceTree = "<group>";
		};
		92C678551C41E3C80083F68F /* Browse-Sitters Ctlrs */ = {
			isa = PBXGroup;
			children = (
				92C678561C41F0510083F68F /* SitterMatchModel.swift */,
				92C678531C41E3670083F68F /* FlipBrowseSittersVC.swift */,
			);
			name = "Browse-Sitters Ctlrs";
			sourceTree = "<group>";
		};
/* End PBXGroup section */

/* Begin PBXNativeTarget section */
		923AA8371C4091B20012AE6C /* FlipDraft02 */ = {
			isa = PBXNativeTarget;
			buildConfigurationList = 923AA84A1C4091B20012AE6C /* Build configuration list for PBXNativeTarget "FlipDraft02" */;
			buildPhases = (
				501853C3FA7DEF9B8579ABC3 /* Check Pods Manifest.lock */,
				923AA8341C4091B20012AE6C /* Sources */,
				923AA8351C4091B20012AE6C /* Frameworks */,
				923AA8361C4091B20012AE6C /* Resources */,
				5F3EEEDDBE57E8CBC324F9AB /* Embed Pods Frameworks */,
				48AF59F6048B8CB949638CF7 /* Copy Pods Resources */,
			);
			buildRules = (
			);
			dependencies = (
			);
			name = FlipDraft02;
			productName = FlipDraft02;
			productReference = 923AA8381C4091B20012AE6C /* FlipDraft02.app */;
			productType = "com.apple.product-type.application";
		};
/* End PBXNativeTarget section */

/* Begin PBXProject section */
		923AA8301C4091B20012AE6C /* Project object */ = {
			isa = PBXProject;
			attributes = {
				LastSwiftUpdateCheck = 0720;
				LastUpgradeCheck = 0720;
				ORGANIZATIONNAME = "Jon Harlan";
				TargetAttributes = {
					923AA8371C4091B20012AE6C = {
						CreatedOnToolsVersion = 7.2;
					};
				};
			};
			buildConfigurationList = 923AA8331C4091B20012AE6C /* Build configuration list for PBXProject "FlipDraft02" */;
			compatibilityVersion = "Xcode 3.2";
			developmentRegion = English;
			hasScannedForEncodings = 0;
			knownRegions = (
				en,
				Base,
			);
			mainGroup = 923AA82F1C4091B20012AE6C;
			productRefGroup = 923AA8391C4091B20012AE6C /* Products */;
			projectDirPath = "";
			projectRoot = "";
			targets = (
				923AA8371C4091B20012AE6C /* FlipDraft02 */,
			);
		};
/* End PBXProject section */

/* Begin PBXResourcesBuildPhase section */
		923AA8361C4091B20012AE6C /* Resources */ = {
			isa = PBXResourcesBuildPhase;
			buildActionMask = 2147483647;
			files = (
				923AA8461C4091B20012AE6C /* LaunchScreen.storyboard in Resources */,
				923AA8431C4091B20012AE6C /* Assets.xcassets in Resources */,
				923AA8411C4091B20012AE6C /* Main.storyboard in Resources */,
			);
			runOnlyForDeploymentPostprocessing = 0;
		};
/* End PBXResourcesBuildPhase section */

/* Begin PBXShellScriptBuildPhase section */
		48AF59F6048B8CB949638CF7 /* Copy Pods Resources */ = {
			isa = PBXShellScriptBuildPhase;
			buildActionMask = 2147483647;
			files = (
			);
			inputPaths = (
			);
			name = "Copy Pods Resources";
			outputPaths = (
			);
			runOnlyForDeploymentPostprocessing = 0;
			shellPath = /bin/sh;
			shellScript = "\"${SRCROOT}/Pods/Target Support Files/Pods-FlipDraft02/Pods-FlipDraft02-resources.sh\"\n";
			showEnvVarsInLog = 0;
		};
		501853C3FA7DEF9B8579ABC3 /* Check Pods Manifest.lock */ = {
			isa = PBXShellScriptBuildPhase;
			buildActionMask = 2147483647;
			files = (
			);
			inputPaths = (
			);
			name = "Check Pods Manifest.lock";
			outputPaths = (
			);
			runOnlyForDeploymentPostprocessing = 0;
			shellPath = /bin/sh;
			shellScript = "diff \"${PODS_ROOT}/../Podfile.lock\" \"${PODS_ROOT}/Manifest.lock\" > /dev/null\nif [[ $? != 0 ]] ; then\n    cat << EOM\nerror: The sandbox is not in sync with the Podfile.lock. Run 'pod install' or update your CocoaPods installation.\nEOM\n    exit 1\nfi\n";
			showEnvVarsInLog = 0;
		};
		5F3EEEDDBE57E8CBC324F9AB /* Embed Pods Frameworks */ = {
			isa = PBXShellScriptBuildPhase;
			buildActionMask = 2147483647;
			files = (
			);
			inputPaths = (
			);
			name = "Embed Pods Frameworks";
			outputPaths = (
			);
			runOnlyForDeploymentPostprocessing = 0;
			shellPath = /bin/sh;
			shellScript = "\"${SRCROOT}/Pods/Target Support Files/Pods-FlipDraft02/Pods-FlipDraft02-frameworks.sh\"\n";
			showEnvVarsInLog = 0;
		};
/* End PBXShellScriptBuildPhase section */

/* Begin PBXSourcesBuildPhase section */
		923AA8341C4091B20012AE6C /* Sources */ = {
			isa = PBXSourcesBuildPhase;
			buildActionMask = 2147483647;
			files = (
				92C678541C41E3670083F68F /* FlipBrowseSittersVC.swift in Sources */,
				923943031C409A4400BACD2C /* AnimationViewController.swift in Sources */,
				92C678571C41F0510083F68F /* SitterMatchModel.swift in Sources */,
				92C6784E1C41DCF40083F68F /* UpdateUserDataVC.swift in Sources */,
				921BFE261C41C04900D3B92E /* TempAnimationVC.swift in Sources */,
				92DBC3CE1C40E5F00004F91C /* FacebookOAuthViewController.swift in Sources */,
				923AA83C1C4091B20012AE6C /* AppDelegate.swift in Sources */,
				92C678501C41DD040083F68F /* HomeScreenVC.swift in Sources */,
				92C678521C41DD330083F68F /* SitterMatchVC.swift in Sources */,
			);
			runOnlyForDeploymentPostprocessing = 0;
		};
/* End PBXSourcesBuildPhase section */

/* Begin PBXVariantGroup section */
		923AA83F1C4091B20012AE6C /* Main.storyboard */ = {
			isa = PBXVariantGroup;
			children = (
				923AA8401C4091B20012AE6C /* Base */,
			);
			name = Main.storyboard;
			sourceTree = "<group>";
		};
		923AA8441C4091B20012AE6C /* LaunchScreen.storyboard */ = {
			isa = PBXVariantGroup;
			children = (
				923AA8451C4091B20012AE6C /* Base */,
			);
			name = LaunchScreen.storyboard;
			sourceTree = "<group>";
		};
/* End PBXVariantGroup section */

/* Begin XCBuildConfiguration section */
		923AA8481C4091B20012AE6C /* Debug */ = {
			isa = XCBuildConfiguration;
			buildSettings = {
				ALWAYS_SEARCH_USER_PATHS = NO;
				CLANG_CXX_LANGUAGE_STANDARD = "gnu++0x";
				CLANG_CXX_LIBRARY = "libc++";
				CLANG_ENABLE_MODULES = YES;
				CLANG_ENABLE_OBJC_ARC = YES;
				CLANG_WARN_BOOL_CONVERSION = YES;
				CLANG_WARN_CONSTANT_CONVERSION = YES;
				CLANG_WARN_DIRECT_OBJC_ISA_USAGE = YES_ERROR;
				CLANG_WARN_EMPTY_BODY = YES;
				CLANG_WARN_ENUM_CONVERSION = YES;
				CLANG_WARN_INT_CONVERSION = YES;
				CLANG_WARN_OBJC_ROOT_CLASS = YES_ERROR;
				CLANG_WARN_UNREACHABLE_CODE = YES;
				CLANG_WARN__DUPLICATE_METHOD_MATCH = YES;
				"CODE_SIGN_IDENTITY[sdk=iphoneos*]" = "iPhone Developer";
				COPY_PHASE_STRIP = NO;
				DEBUG_INFORMATION_FORMAT = dwarf;
				ENABLE_STRICT_OBJC_MSGSEND = YES;
				ENABLE_TESTABILITY = YES;
				GCC_C_LANGUAGE_STANDARD = gnu99;
				GCC_DYNAMIC_NO_PIC = NO;
				GCC_NO_COMMON_BLOCKS = YES;
				GCC_OPTIMIZATION_LEVEL = 0;
				GCC_PREPROCESSOR_DEFINITIONS = (
					"DEBUG=1",
					"$(inherited)",
				);
				GCC_WARN_64_TO_32_BIT_CONVERSION = YES;
				GCC_WARN_ABOUT_RETURN_TYPE = YES_ERROR;
				GCC_WARN_UNDECLARED_SELECTOR = YES;
				GCC_WARN_UNINITIALIZED_AUTOS = YES_AGGRESSIVE;
				GCC_WARN_UNUSED_FUNCTION = YES;
				GCC_WARN_UNUSED_VARIABLE = YES;
				IPHONEOS_DEPLOYMENT_TARGET = 9.2;
				MTL_ENABLE_DEBUG_INFO = YES;
				ONLY_ACTIVE_ARCH = YES;
				SDKROOT = iphoneos;
				SWIFT_OPTIMIZATION_LEVEL = "-Onone";
			};
			name = Debug;
		};
		923AA8491C4091B20012AE6C /* Release */ = {
			isa = XCBuildConfiguration;
			buildSettings = {
				ALWAYS_SEARCH_USER_PATHS = NO;
				CLANG_CXX_LANGUAGE_STANDARD = "gnu++0x";
				CLANG_CXX_LIBRARY = "libc++";
				CLANG_ENABLE_MODULES = YES;
				CLANG_ENABLE_OBJC_ARC = YES;
				CLANG_WARN_BOOL_CONVERSION = YES;
				CLANG_WARN_CONSTANT_CONVERSION = YES;
				CLANG_WARN_DIRECT_OBJC_ISA_USAGE = YES_ERROR;
				CLANG_WARN_EMPTY_BODY = YES;
				CLANG_WARN_ENUM_CONVERSION = YES;
				CLANG_WARN_INT_CONVERSION = YES;
				CLANG_WARN_OBJC_ROOT_CLASS = YES_ERROR;
				CLANG_WARN_UNREACHABLE_CODE = YES;
				CLANG_WARN__DUPLICATE_METHOD_MATCH = YES;
				"CODE_SIGN_IDENTITY[sdk=iphoneos*]" = "iPhone Developer";
				COPY_PHASE_STRIP = NO;
				DEBUG_INFORMATION_FORMAT = "dwarf-with-dsym";
				ENABLE_NS_ASSERTIONS = NO;
				ENABLE_STRICT_OBJC_MSGSEND = YES;
				GCC_C_LANGUAGE_STANDARD = gnu99;
				GCC_NO_COMMON_BLOCKS = YES;
				GCC_WARN_64_TO_32_BIT_CONVERSION = YES;
				GCC_WARN_ABOUT_RETURN_TYPE = YES_ERROR;
				GCC_WARN_UNDECLARED_SELECTOR = YES;
				GCC_WARN_UNINITIALIZED_AUTOS = YES_AGGRESSIVE;
				GCC_WARN_UNUSED_FUNCTION = YES;
				GCC_WARN_UNUSED_VARIABLE = YES;
				IPHONEOS_DEPLOYMENT_TARGET = 9.2;
				MTL_ENABLE_DEBUG_INFO = NO;
				SDKROOT = iphoneos;
				VALIDATE_PRODUCT = YES;
			};
			name = Release;
		};
		923AA84B1C4091B20012AE6C /* Debug */ = {
			isa = XCBuildConfiguration;
			baseConfigurationReference = B54BE5B76902CE967389C66E /* Pods-FlipDraft02.debug.xcconfig */;
			buildSettings = {
				ASSETCATALOG_COMPILER_APPICON_NAME = AppIcon;
				INFOPLIST_FILE = FlipDraft02/Info.plist;
				LD_RUNPATH_SEARCH_PATHS = "$(inherited) @executable_path/Frameworks";
				PRODUCT_BUNDLE_IDENTIFIER = RydeHQ.FlipDraft02;
				PRODUCT_NAME = "$(TARGET_NAME)";
				SWIFT_OBJC_BRIDGING_HEADER = "FlipDraft02/Bridge-Head.h";
				USER_HEADER_SEARCH_PATHS = "Pods/**";
			};
			name = Debug;
		};
		923AA84C1C4091B20012AE6C /* Release */ = {
			isa = XCBuildConfiguration;
			baseConfigurationReference = BAEDF5D3C7D47799DFDD66A1 /* Pods-FlipDraft02.release.xcconfig */;
			buildSettings = {
				ASSETCATALOG_COMPILER_APPICON_NAME = AppIcon;
				INFOPLIST_FILE = FlipDraft02/Info.plist;
				LD_RUNPATH_SEARCH_PATHS = "$(inherited) @executable_path/Frameworks";
				PRODUCT_BUNDLE_IDENTIFIER = RydeHQ.FlipDraft02;
				PRODUCT_NAME = "$(TARGET_NAME)";
				SWIFT_OBJC_BRIDGING_HEADER = "FlipDraft02/Bridge-Head.h";
				USER_HEADER_SEARCH_PATHS = "Pods/**";
			};
			name = Release;
		};
/* End XCBuildConfiguration section */

/* Begin XCConfigurationList section */
		923AA8331C4091B20012AE6C /* Build configuration list for PBXProject "FlipDraft02" */ = {
			isa = XCConfigurationList;
			buildConfigurations = (
				923AA8481C4091B20012AE6C /* Debug */,
				923AA8491C4091B20012AE6C /* Release */,
			);
			defaultConfigurationIsVisible = 0;
			defaultConfigurationName = Release;
		};
		923AA84A1C4091B20012AE6C /* Build configuration list for PBXNativeTarget "FlipDraft02" */ = {
			isa = XCConfigurationList;
			buildConfigurations = (
				923AA84B1C4091B20012AE6C /* Debug */,
				923AA84C1C4091B20012AE6C /* Release */,
			);
			defaultConfigurationIsVisible = 0;
			defaultConfigurationName = Release;
		};
/* End XCConfigurationList section */
	};
	rootObject = 923AA8301C4091B20012AE6C /* Project object */;
}
